// !$*UTF8*$!
{
	archiveVersion = 1;
	classes = {
	};
	objectVersion = 77;
	objects = {

/* Begin PBXContainerItemProxy section */
		9834AF6A2E08469E00DBBBE7 /* PBXContainerItemProxy */ = {
			isa = PBXContainerItemProxy;
			containerPortal = 9834AF542E08469C00DBBBE7 /* Project object */;
			proxyType = 1;
			remoteGlobalIDString = 9834AF5B2E08469C00DBBBE7;
			remoteInfo = MuseoAccessibile;
		};
		9834AF742E08469E00DBBBE7 /* PBXContainerItemProxy */ = {
			isa = PBXContainerItemProxy;
			containerPortal = 9834AF542E08469C00DBBBE7 /* Project object */;
			proxyType = 1;
			remoteGlobalIDString = 9834AF5B2E08469C00DBBBE7;
			remoteInfo = MuseoAccessibile;
		};
/* End PBXContainerItemProxy section */

/* Begin PBXFileReference section */
		9834AF5C2E08469C00DBBBE7 /* ARVisit.app */ = {isa = PBXFileReference; explicitFileType = wrapper.application; includeInIndex = 0; path = ARVisit.app; sourceTree = BUILT_PRODUCTS_DIR; };
		9834AF692E08469E00DBBBE7 /* ARVisitTests.xctest */ = {isa = PBXFileReference; explicitFileType = wrapper.cfbundle; includeInIndex = 0; path = ARVisitTests.xctest; sourceTree = BUILT_PRODUCTS_DIR; };
		9834AF732E08469E00DBBBE7 /* ARVisitUITests.xctest */ = {isa = PBXFileReference; explicitFileType = wrapper.cfbundle; includeInIndex = 0; path = ARVisitUITests.xctest; sourceTree = BUILT_PRODUCTS_DIR; };
/* End PBXFileReference section */

/* Begin PBXFileSystemSynchronizedBuildFileExceptionSet section */
		98D6DBEB2E0858D200746FC1 /* Exceptions for "ARVisit" folder in "ARVisit" target */ = {
			isa = PBXFileSystemSynchronizedBuildFileExceptionSet;
			membershipExceptions = (
				Info.plist,
			);
			target = 9834AF5B2E08469C00DBBBE7 /* ARVisit */;
		};
/* End PBXFileSystemSynchronizedBuildFileExceptionSet section */

/* Begin PBXFileSystemSynchronizedRootGroup section */
		9834AF5E2E08469C00DBBBE7 /* ARVisit */ = {
			isa = PBXFileSystemSynchronizedRootGroup;
			exceptions = (
				98D6DBEB2E0858D200746FC1 /* Exceptions for "ARVisit" folder in "ARVisit" target */,
			);
			path = ARVisit;
			sourceTree = "<group>";
		};
		9834AF6C2E08469E00DBBBE7 /* ARVisitTests */ = {
			isa = PBXFileSystemSynchronizedRootGroup;
			path = ARVisitTests;
			sourceTree = "<group>";
		};
		9834AF762E08469E00DBBBE7 /* ARVisitUITests */ = {
			isa = PBXFileSystemSynchronizedRootGroup;
			path = ARVisitUITests;
			sourceTree = "<group>";
		};
/* End PBXFileSystemSynchronizedRootGroup section */

/* Begin PBXFrameworksBuildPhase section */
		9834AF592E08469C00DBBBE7 /* Frameworks */ = {
			isa = PBXFrameworksBuildPhase;
			buildActionMask = 2147483647;
			files = (
			);
			runOnlyForDeploymentPostprocessing = 0;
		};
		9834AF662E08469E00DBBBE7 /* Frameworks */ = {
			isa = PBXFrameworksBuildPhase;
			buildActionMask = 2147483647;
			files = (
			);
			runOnlyForDeploymentPostprocessing = 0;
		};
		9834AF702E08469E00DBBBE7 /* Frameworks */ = {
			isa = PBXFrameworksBuildPhase;
			buildActionMask = 2147483647;
			files = (
			);
			runOnlyForDeploymentPostprocessing = 0;
		};
/* End PBXFrameworksBuildPhase section */

/* Begin PBXGroup section */
		9834AF532E08469C00DBBBE7 = {
			isa = PBXGroup;
			children = (
				9834AF5E2E08469C00DBBBE7 /* ARVisit */,
				9834AF6C2E08469E00DBBBE7 /* ARVisitTests */,
				9834AF762E08469E00DBBBE7 /* ARVisitUITests */,
				9834AF5D2E08469C00DBBBE7 /* Products */,
			);
			sourceTree = "<group>";
		};
		9834AF5D2E08469C00DBBBE7 /* Products */ = {
			isa = PBXGroup;
			children = (
				9834AF5C2E08469C00DBBBE7 /* ARVisit.app */,
				9834AF692E08469E00DBBBE7 /* ARVisitTests.xctest */,
				9834AF732E08469E00DBBBE7 /* ARVisitUITests.xctest */,
			);
			name = Products;
			sourceTree = "<group>";
		};
/* End PBXGroup section */

/* Begin PBXNativeTarget section */
		9834AF5B2E08469C00DBBBE7 /* ARVisit */ = {
			isa = PBXNativeTarget;
			buildConfigurationList = 9834AF7D2E08469E00DBBBE7 /* Build configuration list for PBXNativeTarget "ARVisit" */;
			buildPhases = (
				9834AF582E08469C00DBBBE7 /* Sources */,
				9834AF592E08469C00DBBBE7 /* Frameworks */,
				9834AF5A2E08469C00DBBBE7 /* Resources */,
			);
			buildRules = (
			);
			dependencies = (
			);
			fileSystemSynchronizedGroups = (
				9834AF5E2E08469C00DBBBE7 /* ARVisit */,
			);
			name = ARVisit;
			packageProductDependencies = (
			);
			productName = MuseoAccessibile;
			productReference = 9834AF5C2E08469C00DBBBE7 /* ARVisit.app */;
			productType = "com.apple.product-type.application";
		};
		9834AF682E08469E00DBBBE7 /* ARVisitTests */ = {
			isa = PBXNativeTarget;
			buildConfigurationList = 9834AF802E08469E00DBBBE7 /* Build configuration list for PBXNativeTarget "ARVisitTests" */;
			buildPhases = (
				9834AF652E08469E00DBBBE7 /* Sources */,
				9834AF662E08469E00DBBBE7 /* Frameworks */,
				9834AF672E08469E00DBBBE7 /* Resources */,
			);
			buildRules = (
			);
			dependencies = (
				9834AF6B2E08469E00DBBBE7 /* PBXTargetDependency */,
			);
			fileSystemSynchronizedGroups = (
				9834AF6C2E08469E00DBBBE7 /* ARVisitTests */,
			);
			name = ARVisitTests;
			packageProductDependencies = (
			);
			productName = MuseoAccessibileTests;
			productReference = 9834AF692E08469E00DBBBE7 /* ARVisitTests.xctest */;
			productType = "com.apple.product-type.bundle.unit-test";
		};
		9834AF722E08469E00DBBBE7 /* ARVisitUITests */ = {
			isa = PBXNativeTarget;
			buildConfigurationList = 9834AF832E08469E00DBBBE7 /* Build configuration list for PBXNativeTarget "ARVisitUITests" */;
			buildPhases = (
				9834AF6F2E08469E00DBBBE7 /* Sources */,
				9834AF702E08469E00DBBBE7 /* Frameworks */,
				9834AF712E08469E00DBBBE7 /* Resources */,
			);
			buildRules = (
			);
			dependencies = (
				9834AF752E08469E00DBBBE7 /* PBXTargetDependency */,
			);
			fileSystemSynchronizedGroups = (
				9834AF762E08469E00DBBBE7 /* ARVisitUITests */,
			);
			name = ARVisitUITests;
			packageProductDependencies = (
			);
			productName = MuseoAccessibileUITests;
			productReference = 9834AF732E08469E00DBBBE7 /* ARVisitUITests.xctest */;
			productType = "com.apple.product-type.bundle.ui-testing";
		};
/* End PBXNativeTarget section */

/* Begin PBXProject section */
		9834AF542E08469C00DBBBE7 /* Project object */ = {
			isa = PBXProject;
			attributes = {
				BuildIndependentTargetsInParallel = 1;
				LastSwiftUpdateCheck = 1630;
				LastUpgradeCheck = 1630;
				TargetAttributes = {
					9834AF5B2E08469C00DBBBE7 = {
						CreatedOnToolsVersion = 16.3;
					};
					9834AF682E08469E00DBBBE7 = {
						CreatedOnToolsVersion = 16.3;
						TestTargetID = 9834AF5B2E08469C00DBBBE7;
					};
					9834AF722E08469E00DBBBE7 = {
						CreatedOnToolsVersion = 16.3;
						TestTargetID = 9834AF5B2E08469C00DBBBE7;
					};
				};
			};
			buildConfigurationList = 9834AF572E08469C00DBBBE7 /* Build configuration list for PBXProject "ARVisit" */;
			developmentRegion = en;
			hasScannedForEncodings = 0;
			knownRegions = (
				en,
				Base,
			);
			mainGroup = 9834AF532E08469C00DBBBE7;
			minimizedProjectReferenceProxies = 1;
			preferredProjectObjectVersion = 77;
			productRefGroup = 9834AF5D2E08469C00DBBBE7 /* Products */;
			projectDirPath = "";
			projectRoot = "";
			targets = (
				9834AF5B2E08469C00DBBBE7 /* ARVisit */,
				9834AF682E08469E00DBBBE7 /* ARVisitTests */,
				9834AF722E08469E00DBBBE7 /* ARVisitUITests */,
			);
		};
/* End PBXProject section */

/* Begin PBXResourcesBuildPhase section */
		9834AF5A2E08469C00DBBBE7 /* Resources */ = {
			isa = PBXResourcesBuildPhase;
			buildActionMask = 2147483647;
			files = (
			);
			runOnlyForDeploymentPostprocessing = 0;
		};
		9834AF672E08469E00DBBBE7 /* Resources */ = {
			isa = PBXResourcesBuildPhase;
			buildActionMask = 2147483647;
			files = (
			);
			runOnlyForDeploymentPostprocessing = 0;
		};
		9834AF712E08469E00DBBBE7 /* Resources */ = {
			isa = PBXResourcesBuildPhase;
			buildActionMask = 2147483647;
			files = (
			);
			runOnlyForDeploymentPostprocessing = 0;
		};
/* End PBXResourcesBuildPhase section */

/* Begin PBXSourcesBuildPhase section */
		9834AF582E08469C00DBBBE7 /* Sources */ = {
			isa = PBXSourcesBuildPhase;
			buildActionMask = 2147483647;
			files = (
			);
			runOnlyForDeploymentPostprocessing = 0;
		};
		9834AF652E08469E00DBBBE7 /* Sources */ = {
			isa = PBXSourcesBuildPhase;
			buildActionMask = 2147483647;
			files = (
			);
			runOnlyForDeploymentPostprocessing = 0;
		};
		9834AF6F2E08469E00DBBBE7 /* Sources */ = {
			isa = PBXSourcesBuildPhase;
			buildActionMask = 2147483647;
			files = (
			);
			runOnlyForDeploymentPostprocessing = 0;
		};
/* End PBXSourcesBuildPhase section */

/* Begin PBXTargetDependency section */
		9834AF6B2E08469E00DBBBE7 /* PBXTargetDependency */ = {
			isa = PBXTargetDependency;
			target = 9834AF5B2E08469C00DBBBE7 /* ARVisit */;
			targetProxy = 9834AF6A2E08469E00DBBBE7 /* PBXContainerItemProxy */;
		};
		9834AF752E08469E00DBBBE7 /* PBXTargetDependency */ = {
			isa = PBXTargetDependency;
			target = 9834AF5B2E08469C00DBBBE7 /* ARVisit */;
			targetProxy = 9834AF742E08469E00DBBBE7 /* PBXContainerItemProxy */;
		};
/* End PBXTargetDependency section */

/* Begin XCBuildConfiguration section */
		9834AF7B2E08469E00DBBBE7 /* Debug */ = {
			isa = XCBuildConfiguration;
			buildSettings = {
				ALWAYS_SEARCH_USER_PATHS = NO;
				ASSETCATALOG_COMPILER_GENERATE_SWIFT_ASSET_SYMBOL_EXTENSIONS = YES;
				CLANG_ANALYZER_NONNULL = YES;
				CLANG_ANALYZER_NUMBER_OBJECT_CONVERSION = YES_AGGRESSIVE;
				CLANG_CXX_LANGUAGE_STANDARD = "gnu++20";
				CLANG_ENABLE_MODULES = YES;
				CLANG_ENABLE_OBJC_ARC = YES;
				CLANG_ENABLE_OBJC_WEAK = YES;
				CLANG_WARN_BLOCK_CAPTURE_AUTORELEASING = YES;
				CLANG_WARN_BOOL_CONVERSION = YES;
				CLANG_WARN_COMMA = YES;
				CLANG_WARN_CONSTANT_CONVERSION = YES;
				CLANG_WARN_DEPRECATED_OBJC_IMPLEMENTATIONS = YES;
				CLANG_WARN_DIRECT_OBJC_ISA_USAGE = YES_ERROR;
				CLANG_WARN_DOCUMENTATION_COMMENTS = YES;
				CLANG_WARN_EMPTY_BODY = YES;
				CLANG_WARN_ENUM_CONVERSION = YES;
				CLANG_WARN_INFINITE_RECURSION = YES;
				CLANG_WARN_INT_CONVERSION = YES;
				CLANG_WARN_NON_LITERAL_NULL_CONVERSION = YES;
				CLANG_WARN_OBJC_IMPLICIT_RETAIN_SELF = YES;
				CLANG_WARN_OBJC_LITERAL_CONVERSION = YES;
				CLANG_WARN_OBJC_ROOT_CLASS = YES_ERROR;
				CLANG_WARN_QUOTED_INCLUDE_IN_FRAMEWORK_HEADER = YES;
				CLANG_WARN_RANGE_LOOP_ANALYSIS = YES;
				CLANG_WARN_STRICT_PROTOTYPES = YES;
				CLANG_WARN_SUSPICIOUS_MOVE = YES;
				CLANG_WARN_UNGUARDED_AVAILABILITY = YES_AGGRESSIVE;
				CLANG_WARN_UNREACHABLE_CODE = YES;
				CLANG_WARN__DUPLICATE_METHOD_MATCH = YES;
				COPY_PHASE_STRIP = NO;
				DEBUG_INFORMATION_FORMAT = dwarf;
				DEVELOPMENT_TEAM = 6X43W4B2C9;
				ENABLE_STRICT_OBJC_MSGSEND = YES;
				ENABLE_TESTABILITY = YES;
				ENABLE_USER_SCRIPT_SANDBOXING = YES;
				GCC_C_LANGUAGE_STANDARD = gnu17;
				GCC_DYNAMIC_NO_PIC = NO;
				GCC_NO_COMMON_BLOCKS = YES;
				GCC_OPTIMIZATION_LEVEL = 0;
				GCC_PREPROCESSOR_DEFINITIONS = (
					"DEBUG=1",
					"$(inherited)",
				);
				GCC_WARN_64_TO_32_BIT_CONVERSION = YES;
				GCC_WARN_ABOUT_RETURN_TYPE = YES_ERROR;
				GCC_WARN_UNDECLARED_SELECTOR = YES;
				GCC_WARN_UNINITIALIZED_AUTOS = YES_AGGRESSIVE;
				GCC_WARN_UNUSED_FUNCTION = YES;
				GCC_WARN_UNUSED_VARIABLE = YES;
				IPHONEOS_DEPLOYMENT_TARGET = 18.4;
				LOCALIZATION_PREFERS_STRING_CATALOGS = YES;
				MTL_ENABLE_DEBUG_INFO = INCLUDE_SOURCE;
				MTL_FAST_MATH = YES;
				ONLY_ACTIVE_ARCH = YES;
				SDKROOT = iphoneos;
				SWIFT_ACTIVE_COMPILATION_CONDITIONS = "DEBUG $(inherited)";
				SWIFT_OPTIMIZATION_LEVEL = "-Onone";
			};
			name = Debug;
		};
		9834AF7C2E08469E00DBBBE7 /* Release */ = {
			isa = XCBuildConfiguration;
			buildSettings = {
				ALWAYS_SEARCH_USER_PATHS = NO;
				ASSETCATALOG_COMPILER_GENERATE_SWIFT_ASSET_SYMBOL_EXTENSIONS = YES;
				CLANG_ANALYZER_NONNULL = YES;
				CLANG_ANALYZER_NUMBER_OBJECT_CONVERSION = YES_AGGRESSIVE;
				CLANG_CXX_LANGUAGE_STANDARD = "gnu++20";
				CLANG_ENABLE_MODULES = YES;
				CLANG_ENABLE_OBJC_ARC = YES;
				CLANG_ENABLE_OBJC_WEAK = YES;
				CLANG_WARN_BLOCK_CAPTURE_AUTORELEASING = YES;
				CLANG_WARN_BOOL_CONVERSION = YES;
				CLANG_WARN_COMMA = YES;
				CLANG_WARN_CONSTANT_CONVERSION = YES;
				CLANG_WARN_DEPRECATED_OBJC_IMPLEMENTATIONS = YES;
				CLANG_WARN_DIRECT_OBJC_ISA_USAGE = YES_ERROR;
				CLANG_WARN_DOCUMENTATION_COMMENTS = YES;
				CLANG_WARN_EMPTY_BODY = YES;
				CLANG_WARN_ENUM_CONVERSION = YES;
				CLANG_WARN_INFINITE_RECURSION = YES;
				CLANG_WARN_INT_CONVERSION = YES;
				CLANG_WARN_NON_LITERAL_NULL_CONVERSION = YES;
				CLANG_WARN_OBJC_IMPLICIT_RETAIN_SELF = YES;
				CLANG_WARN_OBJC_LITERAL_CONVERSION = YES;
				CLANG_WARN_OBJC_ROOT_CLASS = YES_ERROR;
				CLANG_WARN_QUOTED_INCLUDE_IN_FRAMEWORK_HEADER = YES;
				CLANG_WARN_RANGE_LOOP_ANALYSIS = YES;
				CLANG_WARN_STRICT_PROTOTYPES = YES;
				CLANG_WARN_SUSPICIOUS_MOVE = YES;
				CLANG_WARN_UNGUARDED_AVAILABILITY = YES_AGGRESSIVE;
				CLANG_WARN_UNREACHABLE_CODE = YES;
				CLANG_WARN__DUPLICATE_METHOD_MATCH = YES;
				COPY_PHASE_STRIP = NO;
				DEBUG_INFORMATION_FORMAT = "dwarf-with-dsym";
				DEVELOPMENT_TEAM = 6X43W4B2C9;
				ENABLE_NS_ASSERTIONS = NO;
				ENABLE_STRICT_OBJC_MSGSEND = YES;
				ENABLE_USER_SCRIPT_SANDBOXING = YES;
				GCC_C_LANGUAGE_STANDARD = gnu17;
				GCC_NO_COMMON_BLOCKS = YES;
				GCC_WARN_64_TO_32_BIT_CONVERSION = YES;
				GCC_WARN_ABOUT_RETURN_TYPE = YES_ERROR;
				GCC_WARN_UNDECLARED_SELECTOR = YES;
				GCC_WARN_UNINITIALIZED_AUTOS = YES_AGGRESSIVE;
				GCC_WARN_UNUSED_FUNCTION = YES;
				GCC_WARN_UNUSED_VARIABLE = YES;
				IPHONEOS_DEPLOYMENT_TARGET = 18.4;
				LOCALIZATION_PREFERS_STRING_CATALOGS = YES;
				MTL_ENABLE_DEBUG_INFO = NO;
				MTL_FAST_MATH = YES;
				SDKROOT = iphoneos;
				SWIFT_COMPILATION_MODE = wholemodule;
				VALIDATE_PRODUCT = YES;
			};
			name = Release;
		};
		9834AF7E2E08469E00DBBBE7 /* Debug */ = {
			isa = XCBuildConfiguration;
			buildSettings = {
				ASSETCATALOG_COMPILER_APPICON_NAME = AppIcon;
				ASSETCATALOG_COMPILER_GLOBAL_ACCENT_COLOR_NAME = AccentColor;
				CODE_SIGN_ENTITLEMENTS = ARVisit/ARVisit.entitlements;
				CODE_SIGN_STYLE = Automatic;
				CURRENT_PROJECT_VERSION = 1;
				DEVELOPMENT_TEAM = 6X43W4B2C9;
				ENABLE_PREVIEWS = YES;
				GENERATE_INFOPLIST_FILE = YES;
				INFOPLIST_FILE = ARVisit/Info.plist;
				INFOPLIST_KEY_NSCameraUsageDescription = "Richiesto accesso fotocamera";
				INFOPLIST_KEY_UIApplicationSceneManifest_Generation = YES;
				INFOPLIST_KEY_UIApplicationSupportsIndirectInputEvents = YES;
				INFOPLIST_KEY_UILaunchScreen_Generation = YES;
				INFOPLIST_KEY_UISupportedInterfaceOrientations_iPad = "UIInterfaceOrientationPortrait UIInterfaceOrientationPortraitUpsideDown UIInterfaceOrientationLandscapeLeft UIInterfaceOrientationLandscapeRight";
				INFOPLIST_KEY_UISupportedInterfaceOrientations_iPhone = "UIInterfaceOrientationPortrait UIInterfaceOrientationLandscapeLeft UIInterfaceOrientationLandscapeRight";
				LD_RUNPATH_SEARCH_PATHS = (
					"$(inherited)",
					"@executable_path/Frameworks",
				);
				MARKETING_VERSION = 1.0;
				PRODUCT_BUNDLE_IDENTIFIER = davide.ARVisit;
				PRODUCT_NAME = "$(TARGET_NAME)";
				SWIFT_EMIT_LOC_STRINGS = YES;
				SWIFT_VERSION = 5.0;
				TARGETED_DEVICE_FAMILY = "1,2";
			};
			name = Debug;
		};
		9834AF7F2E08469E00DBBBE7 /* Release */ = {
			isa = XCBuildConfiguration;
			buildSettings = {
				ASSETCATALOG_COMPILER_APPICON_NAME = AppIcon;
				ASSETCATALOG_COMPILER_GLOBAL_ACCENT_COLOR_NAME = AccentColor;
				CODE_SIGN_ENTITLEMENTS = ARVisit/ARVisit.entitlements;
				CODE_SIGN_STYLE = Automatic;
				CURRENT_PROJECT_VERSION = 1;
				DEVELOPMENT_TEAM = 6X43W4B2C9;
				ENABLE_PREVIEWS = YES;
				GENERATE_INFOPLIST_FILE = YES;
				INFOPLIST_FILE = ARVisit/Info.plist;
				INFOPLIST_KEY_NSCameraUsageDescription = "Richiesto accesso fotocamera";
				INFOPLIST_KEY_UIApplicationSceneManifest_Generation = YES;
				INFOPLIST_KEY_UIApplicationSupportsIndirectInputEvents = YES;
				INFOPLIST_KEY_UILaunchScreen_Generation = YES;
				INFOPLIST_KEY_UISupportedInterfaceOrientations_iPad = "UIInterfaceOrientationPortrait UIInterfaceOrientationPortraitUpsideDown UIInterfaceOrientationLandscapeLeft UIInterfaceOrientationLandscapeRight";
				INFOPLIST_KEY_UISupportedInterfaceOrientations_iPhone = "UIInterfaceOrientationPortrait UIInterfaceOrientationLandscapeLeft UIInterfaceOrientationLandscapeRight";
				LD_RUNPATH_SEARCH_PATHS = (
					"$(inherited)",
					"@executable_path/Frameworks",
				);
				MARKETING_VERSION = 1.0;
				PRODUCT_BUNDLE_IDENTIFIER = davide.ARVisit;
				PRODUCT_NAME = "$(TARGET_NAME)";
				SWIFT_EMIT_LOC_STRINGS = YES;
				SWIFT_VERSION = 5.0;
				TARGETED_DEVICE_FAMILY = "1,2";
			};
			name = Release;
		};
		9834AF812E08469E00DBBBE7 /* Debug */ = {
			isa = XCBuildConfiguration;
			buildSettings = {
				BUNDLE_LOADER = "$(TEST_HOST)";
				CODE_SIGN_STYLE = Automatic;
				CURRENT_PROJECT_VERSION = 1;
				DEVELOPMENT_TEAM = 6X43W4B2C9;
				GENERATE_INFOPLIST_FILE = YES;
				IPHONEOS_DEPLOYMENT_TARGET = 18.4;
				MARKETING_VERSION = 1.0;
				PRODUCT_BUNDLE_IDENTIFIER = davide.MuseoAccessibileTests;
				PRODUCT_NAME = "$(TARGET_NAME)";
				SWIFT_EMIT_LOC_STRINGS = NO;
				SWIFT_VERSION = 5.0;
				TARGETED_DEVICE_FAMILY = "1,2";
				TEST_HOST = "$(BUILT_PRODUCTS_DIR)/ARVisit.app/$(BUNDLE_EXECUTABLE_FOLDER_PATH)/ARVisit";
			};
			name = Debug;
		};
		9834AF822E08469E00DBBBE7 /* Release */ = {
			isa = XCBuildConfiguration;
			buildSettings = {
				BUNDLE_LOADER = "$(TEST_HOST)";
				CODE_SIGN_STYLE = Automatic;
				CURRENT_PROJECT_VERSION = 1;
				DEVELOPMENT_TEAM = 6X43W4B2C9;
				GENERATE_INFOPLIST_FILE = YES;
				IPHONEOS_DEPLOYMENT_TARGET = 18.4;
				MARKETING_VERSION = 1.0;
				PRODUCT_BUNDLE_IDENTIFIER = davide.MuseoAccessibileTests;
				PRODUCT_NAME = "$(TARGET_NAME)";
				SWIFT_EMIT_LOC_STRINGS = NO;
				SWIFT_VERSION = 5.0;
				TARGETED_DEVICE_FAMILY = "1,2";
				TEST_HOST = "$(BUILT_PRODUCTS_DIR)/ARVisit.app/$(BUNDLE_EXECUTABLE_FOLDER_PATH)/ARVisit";
			};
			name = Release;
		};
		9834AF842E08469E00DBBBE7 /* Debug */ = {
			isa = XCBuildConfiguration;
			buildSettings = {
				CODE_SIGN_STYLE = Automatic;
				CURRENT_PROJECT_VERSION = 1;
				DEVELOPMENT_TEAM = 6X43W4B2C9;
				GENERATE_INFOPLIST_FILE = YES;
				MARKETING_VERSION = 1.0;
				PRODUCT_BUNDLE_IDENTIFIER = davide.MuseoAccessibileUITests;
				PRODUCT_NAME = "$(TARGET_NAME)";
				SWIFT_EMIT_LOC_STRINGS = NO;
				SWIFT_VERSION = 5.0;
				TARGETED_DEVICE_FAMILY = "1,2";
				TEST_TARGET_NAME = MuseoAccessibile;
			};
			name = Debug;
		};
		9834AF852E08469E00DBBBE7 /* Release */ = {
			isa = XCBuildConfiguration;
			buildSettings = {
				CODE_SIGN_STYLE = Automatic;
				CURRENT_PROJECT_VERSION = 1;
				DEVELOPMENT_TEAM = 6X43W4B2C9;
				GENERATE_INFOPLIST_FILE = YES;
				MARKETING_VERSION = 1.0;
				PRODUCT_BUNDLE_IDENTIFIER = davide.MuseoAccessibileUITests;
				PRODUCT_NAME = "$(TARGET_NAME)";
				SWIFT_EMIT_LOC_STRINGS = NO;
				SWIFT_VERSION = 5.0;
				TARGETED_DEVICE_FAMILY = "1,2";
				TEST_TARGET_NAME = MuseoAccessibile;
			};
			name = Release;
		};
/* End XCBuildConfiguration section */

/* Begin XCConfigurationList section */
		9834AF572E08469C00DBBBE7 /* Build configuration list for PBXProject "ARVisit" */ = {
			isa = XCConfigurationList;
			buildConfigurations = (
				9834AF7B2E08469E00DBBBE7 /* Debug */,
				9834AF7C2E08469E00DBBBE7 /* Release */,
			);
			defaultConfigurationIsVisible = 0;
			defaultConfigurationName = Release;
		};
		9834AF7D2E08469E00DBBBE7 /* Build configuration list for PBXNativeTarget "ARVisit" */ = {
			isa = XCConfigurationList;
			buildConfigurations = (
				9834AF7E2E08469E00DBBBE7 /* Debug */,
				9834AF7F2E08469E00DBBBE7 /* Release */,
			);
			defaultConfigurationIsVisible = 0;
			defaultConfigurationName = Release;
		};
		9834AF802E08469E00DBBBE7 /* Build configuration list for PBXNativeTarget "ARVisitTests" */ = {
			isa = XCConfigurationList;
			buildConfigurations = (
				9834AF812E08469E00DBBBE7 /* Debug */,
				9834AF822E08469E00DBBBE7 /* Release */,
			);
			defaultConfigurationIsVisible = 0;
			defaultConfigurationName = Release;
		};
		9834AF832E08469E00DBBBE7 /* Build configuration list for PBXNativeTarget "ARVisitUITests" */ = {
			isa = XCConfigurationList;
			buildConfigurations = (
				9834AF842E08469E00DBBBE7 /* Debug */,
				9834AF852E08469E00DBBBE7 /* Release */,
			);
			defaultConfigurationIsVisible = 0;
			defaultConfigurationName = Release;
		};
/* End XCConfigurationList section */
	};
	rootObject = 9834AF542E08469C00DBBBE7 /* Project object */;
}
